<Solution>
  <Folder Name="/src/">
    <Project Path="src/FirmwareStudio.Core/FirmwareStudio.Core.csproj" />
    <Project Path="src/FirmwareStudio.Wpf/FirmwareStudio.Wpf.csproj" />
  </Folder>
  <Folder Name="/tools/">
    <Project Path="tools/FirmwareStudio.Smoke/FirmwareStudio.Smoke.csproj" />
  </Folder>
  <Folder Name="/tests/">
    <Project Path="tests/FirmwareStudio.Core.Tests/FirmwareStudio.Core.Tests.csproj" />
  </Folder>
</Solution>
